
Microsoft Visual Studio Solution File, Format Version 12.00
# Visual Studio Version 17
VisualStudioVersion = 17.5.002.0
MinimumVisualStudioVersion = 10.0.40219.1
Project("{2150E333-8FDC-42A3-9474-1A3956D46DE8}") = "csharp-prep", "csharp-prep", "{9A4BCB8A-8406-4381-A77D-7C4A7A99E33F}"
EndProject
Project("{9A19103F-16F7-4668-BE54-9A1E7A4F7556}") = "Prep1", "csharp-prep\Prep1\Prep1.csproj", "{84127E32-1044-48C3-A92A-55375B4D8AC2}"
EndProject
Project("{9A19103F-16F7-4668-BE54-9A1E7A4F7556}") = "Prep2", "csharp-prep\Prep2\Prep2.csproj", "{8270A545-E534-4E3A-87E8-FABD08E12435}"
EndProject
Project("{9A19103F-16F7-4668-BE54-9A1E7A4F7556}") = "Prep3", "csharp-prep\Prep3\Prep3.csproj", "{C3345355-D949-40CD-A98A-658ED966128B}"
EndProject
Project("{9A19103F-16F7-4668-BE54-9A1E7A4F7556}") = "Prep4", "csharp-prep\Prep4\Prep4.csproj", "{110BCEB4-E107-42AE-9CE0-5AD909E7A4F1}"
EndProject
Project("{9A19103F-16F7-4668-BE54-9A1E7A4F7556}") = "Prep5", "csharp-prep\Prep5\Prep5.csproj", "{BD900A22-5E6D-4FE0-9F61-4E7CEB1D1F58}"
EndProject
Project("{2150E333-8FDC-42A3-9474-1A3956D46DE8}") = "final", "final", "{88F032F3-2AA6-4791-88CA-925E6574E6A6}"
EndProject
Project("{9A19103F-16F7-4668-BE54-9A1E7A4F7556}") = "FinalProject", "final\FinalProject\FinalProject.csproj", "{3330F3A1-D0DB-46CE-9140-EA7768AC76C7}"
EndProject
Project("{9A19103F-16F7-4668-BE54-9A1E7A4F7556}") = "Foundation1", "final\Foundation1\Foundation1.csproj", "{0313F6A1-E8BB-4A47-A4FA-5537531A1314}"
EndProject
Project("{9A19103F-16F7-4668-BE54-9A1E7A4F7556}") = "Foundation2", "final\Foundation2\Foundation2.csproj", "{BD963A36-D261-414B-9F99-C99C81440F50}"
EndProject
Project("{9A19103F-16F7-4668-BE54-9A1E7A4F7556}") = "Foundation3", "final\Foundation3\Foundation3.csproj", "{00E875BB-089F-4544-8D38-5DB3F58585E6}"
EndProject
Project("{9A19103F-16F7-4668-BE54-9A1E7A4F7556}") = "Foundation4", "final\Foundation4\Foundation4.csproj", "{30D2B6F9-266B-458D-8C66-4AADA6DAE972}"
EndProject
Project("{2150E333-8FDC-42A3-9474-1A3956D46DE8}") = "prepare", "prepare", "{4E9DA631-4E72-47CE-B399-64AC590A847B}"
EndProject
Project("{9A19103F-16F7-4668-BE54-9A1E7A4F7556}") = "Learning02", "prepare\Learning02\Learning02.csproj", "{F9954FF7-D3C6-48DC-B09A-E0474D430127}"
EndProject
Project("{9A19103F-16F7-4668-BE54-9A1E7A4F7556}") = "Learning03", "prepare\Learning03\Learning03.csproj", "{93464B10-FC41-4A08-9514-BAD7EEB82253}"
EndProject
Project("{9A19103F-16F7-4668-BE54-9A1E7A4F7556}") = "Learning04", "prepare\Learning04\Learning04.csproj", "{FB7D0B13-C7C3-4ACF-BFA0-7D0213375E59}"
EndProject
Project("{9A19103F-16F7-4668-BE54-9A1E7A4F7556}") = "Learning05", "prepare\Learning05\Learning05.csproj", "{FCBA463C-BA77-41A2-AF99-02ADD15ED1BF}"
EndProject
Project("{2150E333-8FDC-42A3-9474-1A3956D46DE8}") = "prove", "prove", "{3D950037-ACD7-42D4-A11D-0A3C2A98BC77}"
EndProject
Project("{9A19103F-16F7-4668-BE54-9A1E7A4F7556}") = "Develop02", "prove\Develop02\Develop02.csproj", "{48365733-0114-49C5-92A2-C4B84A5DDC37}"
EndProject
Project("{9A19103F-16F7-4668-BE54-9A1E7A4F7556}") = "Develop03", "prove\Develop03\Develop03.csproj", "{541C9F26-38B9-41FD-92DD-DE06F9A2F0CA}"
EndProject
Project("{9A19103F-16F7-4668-BE54-9A1E7A4F7556}") = "Develop04", "prove\Develop04\Develop04.csproj", "{AE0AB1AD-E902-489B-8C87-371BB69C6F10}"
EndProject
Project("{9A19103F-16F7-4668-BE54-9A1E7A4F7556}") = "Develop05", "prove\Develop05\Develop05.csproj", "{21859EC4-88C3-441B-83AC-5E910F6F6685}"
EndProject
Project("{2150E333-8FDC-42A3-9474-1A3956D46DE8}") = "sandbox", "sandbox", "{EC4C5574-4FA6-46BA-A323-5712FED6FAB8}"
EndProject
Project("{9A19103F-16F7-4668-BE54-9A1E7A4F7556}") = "Sandbox", "sandbox\Sandbox\Sandbox.csproj", "{503E8364-8787-464C-8DC8-38F42CC8089A}"
EndProject
Project("{2150E333-8FDC-42A3-9474-1A3956D46DE8}") = "cse210-hw", "cse210-hw", "{F09D7571-B331-4247-A31A-AA18BA71428F}"
EndProject
Project("{2150E333-8FDC-42A3-9474-1A3956D46DE8}") = "csharp-prep", "csharp-prep", "{CD3A8386-4E76-4ACF-B13B-D10B1FF1F083}"
EndProject
Project("{9A19103F-16F7-4668-BE54-9A1E7A4F7556}") = "Prep1", "cse210-hw\csharp-prep\Prep1\Prep1.csproj", "{CD63C78E-28CE-42E0-BB5A-8738AE0F7D3E}"
EndProject
Project("{9A19103F-16F7-4668-BE54-9A1E7A4F7556}") = "Prep2", "cse210-hw\csharp-prep\Prep2\Prep2.csproj", "{0BD7489D-011A-4F1B-9C4F-4CA150D75DE9}"
EndProject
Project("{9A19103F-16F7-4668-BE54-9A1E7A4F7556}") = "Prep3", "cse210-hw\csharp-prep\Prep3\Prep3.csproj", "{BA45EBB2-3EF6-42CA-B1FE-8F4000A56549}"
EndProject
Project("{9A19103F-16F7-4668-BE54-9A1E7A4F7556}") = "Prep4", "cse210-hw\csharp-prep\Prep4\Prep4.csproj", "{3D8852BB-FCC9-4D25-BC18-D87C79EF1573}"
EndProject
Project("{9A19103F-16F7-4668-BE54-9A1E7A4F7556}") = "Prep5", "cse210-hw\csharp-prep\Prep5\Prep5.csproj", "{796F27C9-9D3A-4EB6-B6B2-97EE5A7BA066}"
EndProject
Project("{2150E333-8FDC-42A3-9474-1A3956D46DE8}") = "final", "final", "{2516A3F0-397A-48BB-8FC9-A7DCEA86AC47}"
EndProject
Project("{9A19103F-16F7-4668-BE54-9A1E7A4F7556}") = "FinalProject", "cse210-hw\final\FinalProject\FinalProject.csproj", "{F95ECB9F-BFDD-487E-802B-A10753406698}"
EndProject
Project("{9A19103F-16F7-4668-BE54-9A1E7A4F7556}") = "Foundation1", "cse210-hw\final\Foundation1\Foundation1.csproj", "{621AD32C-DB32-4827-908D-E1DE4094CD6E}"
EndProject
Project("{9A19103F-16F7-4668-BE54-9A1E7A4F7556}") = "Foundation2", "cse210-hw\final\Foundation2\Foundation2.csproj", "{839A0A20-54BB-40AF-9B9B-E11958C99E75}"
EndProject
Project("{9A19103F-16F7-4668-BE54-9A1E7A4F7556}") = "Foundation3", "cse210-hw\final\Foundation3\Foundation3.csproj", "{F17D5746-6ACF-4A1B-AC6C-E681D1A16712}"
EndProject
Project("{9A19103F-16F7-4668-BE54-9A1E7A4F7556}") = "Foundation4", "cse210-hw\final\Foundation4\Foundation4.csproj", "{00981B9C-974D-4691-8EA0-4E5EC0EA3F1A}"
EndProject
Project("{2150E333-8FDC-42A3-9474-1A3956D46DE8}") = "prepare", "prepare", "{56028180-DFEB-444A-B421-F6208527D824}"
EndProject
Project("{9A19103F-16F7-4668-BE54-9A1E7A4F7556}") = "Learning02", "cse210-hw\prepare\Learning02\Learning02.csproj", "{B38F3818-8D54-4C4A-A2C5-9677DAEF3E7B}"
EndProject
Project("{9A19103F-16F7-4668-BE54-9A1E7A4F7556}") = "Learning03", "cse210-hw\prepare\Learning03\Learning03.csproj", "{2AE748ED-A64F-47F0-A786-AFE72A61D08C}"
EndProject
Project("{9A19103F-16F7-4668-BE54-9A1E7A4F7556}") = "Learning04", "cse210-hw\prepare\Learning04\Learning04.csproj", "{651914FD-1876-4837-98D6-E40C9021EA27}"
EndProject
Project("{9A19103F-16F7-4668-BE54-9A1E7A4F7556}") = "Learning05", "cse210-hw\prepare\Learning05\Learning05.csproj", "{DA207849-BD91-48F7-8A59-1E9645842508}"
EndProject
Project("{2150E333-8FDC-42A3-9474-1A3956D46DE8}") = "prove", "prove", "{7F541E84-AA0E-4FEF-888D-CE5865D12237}"
EndProject
Project("{9A19103F-16F7-4668-BE54-9A1E7A4F7556}") = "Develop02", "cse210-hw\prove\Develop02\Develop02.csproj", "{5D5C966D-42E7-420E-9316-564C517EFC1D}"
EndProject
Project("{9A19103F-16F7-4668-BE54-9A1E7A4F7556}") = "Develop03", "cse210-hw\prove\Develop03\Develop03.csproj", "{37FCC4EF-E88C-4647-862C-914F7EDD816B}"
EndProject
Project("{9A19103F-16F7-4668-BE54-9A1E7A4F7556}") = "Develop04", "cse210-hw\prove\Develop04\Develop04.csproj", "{1B3E0208-8995-4EF1-8068-7FBAE2CAB413}"
EndProject
Project("{9A19103F-16F7-4668-BE54-9A1E7A4F7556}") = "Develop05", "cse210-hw\prove\Develop05\Develop05.csproj", "{CD6D7403-8C98-47EF-AD85-EEAA8B902A9A}"
EndProject
Project("{2150E333-8FDC-42A3-9474-1A3956D46DE8}") = "sandbox", "sandbox", "{32BE81D5-B5FE-4AA1-9E9F-F2ED4B4EEE2C}"
EndProject
Project("{9A19103F-16F7-4668-BE54-9A1E7A4F7556}") = "Sandbox", "cse210-hw\sandbox\Sandbox\Sandbox.csproj", "{AE096A5E-B2D7-4C02-84C7-41202BCE4C71}"
EndProject
Global
	GlobalSection(SolutionConfigurationPlatforms) = preSolution
		Debug|Any CPU = Debug|Any CPU
		Release|Any CPU = Release|Any CPU
	EndGlobalSection
	GlobalSection(ProjectConfigurationPlatforms) = postSolution
		{84127E32-1044-48C3-A92A-55375B4D8AC2}.Debug|Any CPU.ActiveCfg = Debug|Any CPU
		{84127E32-1044-48C3-A92A-55375B4D8AC2}.Debug|Any CPU.Build.0 = Debug|Any CPU
		{84127E32-1044-48C3-A92A-55375B4D8AC2}.Release|Any CPU.ActiveCfg = Release|Any CPU
		{84127E32-1044-48C3-A92A-55375B4D8AC2}.Release|Any CPU.Build.0 = Release|Any CPU
		{8270A545-E534-4E3A-87E8-FABD08E12435}.Debug|Any CPU.ActiveCfg = Debug|Any CPU
		{8270A545-E534-4E3A-87E8-FABD08E12435}.Debug|Any CPU.Build.0 = Debug|Any CPU
		{8270A545-E534-4E3A-87E8-FABD08E12435}.Release|Any CPU.ActiveCfg = Release|Any CPU
		{8270A545-E534-4E3A-87E8-FABD08E12435}.Release|Any CPU.Build.0 = Release|Any CPU
		{C3345355-D949-40CD-A98A-658ED966128B}.Debug|Any CPU.ActiveCfg = Debug|Any CPU
		{C3345355-D949-40CD-A98A-658ED966128B}.Debug|Any CPU.Build.0 = Debug|Any CPU
		{C3345355-D949-40CD-A98A-658ED966128B}.Release|Any CPU.ActiveCfg = Release|Any CPU
		{C3345355-D949-40CD-A98A-658ED966128B}.Release|Any CPU.Build.0 = Release|Any CPU
		{110BCEB4-E107-42AE-9CE0-5AD909E7A4F1}.Debug|Any CPU.ActiveCfg = Debug|Any CPU
		{110BCEB4-E107-42AE-9CE0-5AD909E7A4F1}.Debug|Any CPU.Build.0 = Debug|Any CPU
		{110BCEB4-E107-42AE-9CE0-5AD909E7A4F1}.Release|Any CPU.ActiveCfg = Release|Any CPU
		{110BCEB4-E107-42AE-9CE0-5AD909E7A4F1}.Release|Any CPU.Build.0 = Release|Any CPU
		{BD900A22-5E6D-4FE0-9F61-4E7CEB1D1F58}.Debug|Any CPU.ActiveCfg = Debug|Any CPU
		{BD900A22-5E6D-4FE0-9F61-4E7CEB1D1F58}.Debug|Any CPU.Build.0 = Debug|Any CPU
		{BD900A22-5E6D-4FE0-9F61-4E7CEB1D1F58}.Release|Any CPU.ActiveCfg = Release|Any CPU
		{BD900A22-5E6D-4FE0-9F61-4E7CEB1D1F58}.Release|Any CPU.Build.0 = Release|Any CPU
		{3330F3A1-D0DB-46CE-9140-EA7768AC76C7}.Debug|Any CPU.ActiveCfg = Debug|Any CPU
		{3330F3A1-D0DB-46CE-9140-EA7768AC76C7}.Debug|Any CPU.Build.0 = Debug|Any CPU
		{3330F3A1-D0DB-46CE-9140-EA7768AC76C7}.Release|Any CPU.ActiveCfg = Release|Any CPU
		{3330F3A1-D0DB-46CE-9140-EA7768AC76C7}.Release|Any CPU.Build.0 = Release|Any CPU
		{0313F6A1-E8BB-4A47-A4FA-5537531A1314}.Debug|Any CPU.ActiveCfg = Debug|Any CPU
		{0313F6A1-E8BB-4A47-A4FA-5537531A1314}.Debug|Any CPU.Build.0 = Debug|Any CPU
		{0313F6A1-E8BB-4A47-A4FA-5537531A1314}.Release|Any CPU.ActiveCfg = Release|Any CPU
		{0313F6A1-E8BB-4A47-A4FA-5537531A1314}.Release|Any CPU.Build.0 = Release|Any CPU
		{BD963A36-D261-414B-9F99-C99C81440F50}.Debug|Any CPU.ActiveCfg = Debug|Any CPU
		{BD963A36-D261-414B-9F99-C99C81440F50}.Debug|Any CPU.Build.0 = Debug|Any CPU
		{BD963A36-D261-414B-9F99-C99C81440F50}.Release|Any CPU.ActiveCfg = Release|Any CPU
		{BD963A36-D261-414B-9F99-C99C81440F50}.Release|Any CPU.Build.0 = Release|Any CPU
		{00E875BB-089F-4544-8D38-5DB3F58585E6}.Debug|Any CPU.ActiveCfg = Debug|Any CPU
		{00E875BB-089F-4544-8D38-5DB3F58585E6}.Debug|Any CPU.Build.0 = Debug|Any CPU
		{00E875BB-089F-4544-8D38-5DB3F58585E6}.Release|Any CPU.ActiveCfg = Release|Any CPU
		{00E875BB-089F-4544-8D38-5DB3F58585E6}.Release|Any CPU.Build.0 = Release|Any CPU
		{30D2B6F9-266B-458D-8C66-4AADA6DAE972}.Debug|Any CPU.ActiveCfg = Debug|Any CPU
		{30D2B6F9-266B-458D-8C66-4AADA6DAE972}.Debug|Any CPU.Build.0 = Debug|Any CPU
		{30D2B6F9-266B-458D-8C66-4AADA6DAE972}.Release|Any CPU.ActiveCfg = Release|Any CPU
		{30D2B6F9-266B-458D-8C66-4AADA6DAE972}.Release|Any CPU.Build.0 = Release|Any CPU
		{F9954FF7-D3C6-48DC-B09A-E0474D430127}.Debug|Any CPU.ActiveCfg = Debug|Any CPU
		{F9954FF7-D3C6-48DC-B09A-E0474D430127}.Debug|Any CPU.Build.0 = Debug|Any CPU
		{F9954FF7-D3C6-48DC-B09A-E0474D430127}.Release|Any CPU.ActiveCfg = Release|Any CPU
		{F9954FF7-D3C6-48DC-B09A-E0474D430127}.Release|Any CPU.Build.0 = Release|Any CPU
		{93464B10-FC41-4A08-9514-BAD7EEB82253}.Debug|Any CPU.ActiveCfg = Debug|Any CPU
		{93464B10-FC41-4A08-9514-BAD7EEB82253}.Debug|Any CPU.Build.0 = Debug|Any CPU
		{93464B10-FC41-4A08-9514-BAD7EEB82253}.Release|Any CPU.ActiveCfg = Release|Any CPU
		{93464B10-FC41-4A08-9514-BAD7EEB82253}.Release|Any CPU.Build.0 = Release|Any CPU
		{FB7D0B13-C7C3-4ACF-BFA0-7D0213375E59}.Debug|Any CPU.ActiveCfg = Debug|Any CPU
		{FB7D0B13-C7C3-4ACF-BFA0-7D0213375E59}.Debug|Any CPU.Build.0 = Debug|Any CPU
		{FB7D0B13-C7C3-4ACF-BFA0-7D0213375E59}.Release|Any CPU.ActiveCfg = Release|Any CPU
		{FB7D0B13-C7C3-4ACF-BFA0-7D0213375E59}.Release|Any CPU.Build.0 = Release|Any CPU
		{FCBA463C-BA77-41A2-AF99-02ADD15ED1BF}.Debug|Any CPU.ActiveCfg = Debug|Any CPU
		{FCBA463C-BA77-41A2-AF99-02ADD15ED1BF}.Debug|Any CPU.Build.0 = Debug|Any CPU
		{FCBA463C-BA77-41A2-AF99-02ADD15ED1BF}.Release|Any CPU.ActiveCfg = Release|Any CPU
		{FCBA463C-BA77-41A2-AF99-02ADD15ED1BF}.Release|Any CPU.Build.0 = Release|Any CPU
		{48365733-0114-49C5-92A2-C4B84A5DDC37}.Debug|Any CPU.ActiveCfg = Debug|Any CPU
		{48365733-0114-49C5-92A2-C4B84A5DDC37}.Debug|Any CPU.Build.0 = Debug|Any CPU
		{48365733-0114-49C5-92A2-C4B84A5DDC37}.Release|Any CPU.ActiveCfg = Release|Any CPU
		{48365733-0114-49C5-92A2-C4B84A5DDC37}.Release|Any CPU.Build.0 = Release|Any CPU
		{541C9F26-38B9-41FD-92DD-DE06F9A2F0CA}.Debug|Any CPU.ActiveCfg = Debug|Any CPU
		{541C9F26-38B9-41FD-92DD-DE06F9A2F0CA}.Debug|Any CPU.Build.0 = Debug|Any CPU
		{541C9F26-38B9-41FD-92DD-DE06F9A2F0CA}.Release|Any CPU.ActiveCfg = Release|Any CPU
		{541C9F26-38B9-41FD-92DD-DE06F9A2F0CA}.Release|Any CPU.Build.0 = Release|Any CPU
		{AE0AB1AD-E902-489B-8C87-371BB69C6F10}.Debug|Any CPU.ActiveCfg = Debug|Any CPU
		{AE0AB1AD-E902-489B-8C87-371BB69C6F10}.Debug|Any CPU.Build.0 = Debug|Any CPU
		{AE0AB1AD-E902-489B-8C87-371BB69C6F10}.Release|Any CPU.ActiveCfg = Release|Any CPU
		{AE0AB1AD-E902-489B-8C87-371BB69C6F10}.Release|Any CPU.Build.0 = Release|Any CPU
		{21859EC4-88C3-441B-83AC-5E910F6F6685}.Debug|Any CPU.ActiveCfg = Debug|Any CPU
		{21859EC4-88C3-441B-83AC-5E910F6F6685}.Debug|Any CPU.Build.0 = Debug|Any CPU
		{21859EC4-88C3-441B-83AC-5E910F6F6685}.Release|Any CPU.ActiveCfg = Release|Any CPU
		{21859EC4-88C3-441B-83AC-5E910F6F6685}.Release|Any CPU.Build.0 = Release|Any CPU
		{503E8364-8787-464C-8DC8-38F42CC8089A}.Debug|Any CPU.ActiveCfg = Debug|Any CPU
		{503E8364-8787-464C-8DC8-38F42CC8089A}.Debug|Any CPU.Build.0 = Debug|Any CPU
		{503E8364-8787-464C-8DC8-38F42CC8089A}.Release|Any CPU.ActiveCfg = Release|Any CPU
		{503E8364-8787-464C-8DC8-38F42CC8089A}.Release|Any CPU.Build.0 = Release|Any CPU
		{CD63C78E-28CE-42E0-BB5A-8738AE0F7D3E}.Debug|Any CPU.ActiveCfg = Debug|Any CPU
		{CD63C78E-28CE-42E0-BB5A-8738AE0F7D3E}.Debug|Any CPU.Build.0 = Debug|Any CPU
		{CD63C78E-28CE-42E0-BB5A-8738AE0F7D3E}.Release|Any CPU.ActiveCfg = Release|Any CPU
		{CD63C78E-28CE-42E0-BB5A-8738AE0F7D3E}.Release|Any CPU.Build.0 = Release|Any CPU
		{0BD7489D-011A-4F1B-9C4F-4CA150D75DE9}.Debug|Any CPU.ActiveCfg = Debug|Any CPU
		{0BD7489D-011A-4F1B-9C4F-4CA150D75DE9}.Debug|Any CPU.Build.0 = Debug|Any CPU
		{0BD7489D-011A-4F1B-9C4F-4CA150D75DE9}.Release|Any CPU.ActiveCfg = Release|Any CPU
		{0BD7489D-011A-4F1B-9C4F-4CA150D75DE9}.Release|Any CPU.Build.0 = Release|Any CPU
		{BA45EBB2-3EF6-42CA-B1FE-8F4000A56549}.Debug|Any CPU.ActiveCfg = Debug|Any CPU
		{BA45EBB2-3EF6-42CA-B1FE-8F4000A56549}.Debug|Any CPU.Build.0 = Debug|Any CPU
		{BA45EBB2-3EF6-42CA-B1FE-8F4000A56549}.Release|Any CPU.ActiveCfg = Release|Any CPU
		{BA45EBB2-3EF6-42CA-B1FE-8F4000A56549}.Release|Any CPU.Build.0 = Release|Any CPU
		{3D8852BB-FCC9-4D25-BC18-D87C79EF1573}.Debug|Any CPU.ActiveCfg = Debug|Any CPU
		{3D8852BB-FCC9-4D25-BC18-D87C79EF1573}.Debug|Any CPU.Build.0 = Debug|Any CPU
		{3D8852BB-FCC9-4D25-BC18-D87C79EF1573}.Release|Any CPU.ActiveCfg = Release|Any CPU
		{3D8852BB-FCC9-4D25-BC18-D87C79EF1573}.Release|Any CPU.Build.0 = Release|Any CPU
		{796F27C9-9D3A-4EB6-B6B2-97EE5A7BA066}.Debug|Any CPU.ActiveCfg = Debug|Any CPU
		{796F27C9-9D3A-4EB6-B6B2-97EE5A7BA066}.Debug|Any CPU.Build.0 = Debug|Any CPU
		{796F27C9-9D3A-4EB6-B6B2-97EE5A7BA066}.Release|Any CPU.ActiveCfg = Release|Any CPU
		{796F27C9-9D3A-4EB6-B6B2-97EE5A7BA066}.Release|Any CPU.Build.0 = Release|Any CPU
		{F95ECB9F-BFDD-487E-802B-A10753406698}.Debug|Any CPU.ActiveCfg = Debug|Any CPU
		{F95ECB9F-BFDD-487E-802B-A10753406698}.Debug|Any CPU.Build.0 = Debug|Any CPU
		{F95ECB9F-BFDD-487E-802B-A10753406698}.Release|Any CPU.ActiveCfg = Release|Any CPU
		{F95ECB9F-BFDD-487E-802B-A10753406698}.Release|Any CPU.Build.0 = Release|Any CPU
		{621AD32C-DB32-4827-908D-E1DE4094CD6E}.Debug|Any CPU.ActiveCfg = Debug|Any CPU
		{621AD32C-DB32-4827-908D-E1DE4094CD6E}.Debug|Any CPU.Build.0 = Debug|Any CPU
		{621AD32C-DB32-4827-908D-E1DE4094CD6E}.Release|Any CPU.ActiveCfg = Release|Any CPU
		{621AD32C-DB32-4827-908D-E1DE4094CD6E}.Release|Any CPU.Build.0 = Release|Any CPU
		{839A0A20-54BB-40AF-9B9B-E11958C99E75}.Debug|Any CPU.ActiveCfg = Debug|Any CPU
		{839A0A20-54BB-40AF-9B9B-E11958C99E75}.Debug|Any CPU.Build.0 = Debug|Any CPU
		{839A0A20-54BB-40AF-9B9B-E11958C99E75}.Release|Any CPU.ActiveCfg = Release|Any CPU
		{839A0A20-54BB-40AF-9B9B-E11958C99E75}.Release|Any CPU.Build.0 = Release|Any CPU
		{F17D5746-6ACF-4A1B-AC6C-E681D1A16712}.Debug|Any CPU.ActiveCfg = Debug|Any CPU
		{F17D5746-6ACF-4A1B-AC6C-E681D1A16712}.Debug|Any CPU.Build.0 = Debug|Any CPU
		{F17D5746-6ACF-4A1B-AC6C-E681D1A16712}.Release|Any CPU.ActiveCfg = Release|Any CPU
		{F17D5746-6ACF-4A1B-AC6C-E681D1A16712}.Release|Any CPU.Build.0 = Release|Any CPU
		{00981B9C-974D-4691-8EA0-4E5EC0EA3F1A}.Debug|Any CPU.ActiveCfg = Debug|Any CPU
		{00981B9C-974D-4691-8EA0-4E5EC0EA3F1A}.Debug|Any CPU.Build.0 = Debug|Any CPU
		{00981B9C-974D-4691-8EA0-4E5EC0EA3F1A}.Release|Any CPU.ActiveCfg = Release|Any CPU
		{00981B9C-974D-4691-8EA0-4E5EC0EA3F1A}.Release|Any CPU.Build.0 = Release|Any CPU
		{B38F3818-8D54-4C4A-A2C5-9677DAEF3E7B}.Debug|Any CPU.ActiveCfg = Debug|Any CPU
		{B38F3818-8D54-4C4A-A2C5-9677DAEF3E7B}.Debug|Any CPU.Build.0 = Debug|Any CPU
		{B38F3818-8D54-4C4A-A2C5-9677DAEF3E7B}.Release|Any CPU.ActiveCfg = Release|Any CPU
		{B38F3818-8D54-4C4A-A2C5-9677DAEF3E7B}.Release|Any CPU.Build.0 = Release|Any CPU
		{2AE748ED-A64F-47F0-A786-AFE72A61D08C}.Debug|Any CPU.ActiveCfg = Debug|Any CPU
		{2AE748ED-A64F-47F0-A786-AFE72A61D08C}.Debug|Any CPU.Build.0 = Debug|Any CPU
		{2AE748ED-A64F-47F0-A786-AFE72A61D08C}.Release|Any CPU.ActiveCfg = Release|Any CPU
		{2AE748ED-A64F-47F0-A786-AFE72A61D08C}.Release|Any CPU.Build.0 = Release|Any CPU
		{651914FD-1876-4837-98D6-E40C9021EA27}.Debug|Any CPU.ActiveCfg = Debug|Any CPU
		{651914FD-1876-4837-98D6-E40C9021EA27}.Debug|Any CPU.Build.0 = Debug|Any CPU
		{651914FD-1876-4837-98D6-E40C9021EA27}.Release|Any CPU.ActiveCfg = Release|Any CPU
		{651914FD-1876-4837-98D6-E40C9021EA27}.Release|Any CPU.Build.0 = Release|Any CPU
		{DA207849-BD91-48F7-8A59-1E9645842508}.Debug|Any CPU.ActiveCfg = Debug|Any CPU
		{DA207849-BD91-48F7-8A59-1E9645842508}.Debug|Any CPU.Build.0 = Debug|Any CPU
		{DA207849-BD91-48F7-8A59-1E9645842508}.Release|Any CPU.ActiveCfg = Release|Any CPU
		{DA207849-BD91-48F7-8A59-1E9645842508}.Release|Any CPU.Build.0 = Release|Any CPU
		{5D5C966D-42E7-420E-9316-564C517EFC1D}.Debug|Any CPU.ActiveCfg = Debug|Any CPU
		{5D5C966D-42E7-420E-9316-564C517EFC1D}.Debug|Any CPU.Build.0 = Debug|Any CPU
		{5D5C966D-42E7-420E-9316-564C517EFC1D}.Release|Any CPU.ActiveCfg = Release|Any CPU
		{5D5C966D-42E7-420E-9316-564C517EFC1D}.Release|Any CPU.Build.0 = Release|Any CPU
		{37FCC4EF-E88C-4647-862C-914F7EDD816B}.Debug|Any CPU.ActiveCfg = Debug|Any CPU
		{37FCC4EF-E88C-4647-862C-914F7EDD816B}.Debug|Any CPU.Build.0 = Debug|Any CPU
		{37FCC4EF-E88C-4647-862C-914F7EDD816B}.Release|Any CPU.ActiveCfg = Release|Any CPU
		{37FCC4EF-E88C-4647-862C-914F7EDD816B}.Release|Any CPU.Build.0 = Release|Any CPU
		{1B3E0208-8995-4EF1-8068-7FBAE2CAB413}.Debug|Any CPU.ActiveCfg = Debug|Any CPU
		{1B3E0208-8995-4EF1-8068-7FBAE2CAB413}.Debug|Any CPU.Build.0 = Debug|Any CPU
		{1B3E0208-8995-4EF1-8068-7FBAE2CAB413}.Release|Any CPU.ActiveCfg = Release|Any CPU
		{1B3E0208-8995-4EF1-8068-7FBAE2CAB413}.Release|Any CPU.Build.0 = Release|Any CPU
		{CD6D7403-8C98-47EF-AD85-EEAA8B902A9A}.Debug|Any CPU.ActiveCfg = Debug|Any CPU
		{CD6D7403-8C98-47EF-AD85-EEAA8B902A9A}.Debug|Any CPU.Build.0 = Debug|Any CPU
		{CD6D7403-8C98-47EF-AD85-EEAA8B902A9A}.Release|Any CPU.ActiveCfg = Release|Any CPU
		{CD6D7403-8C98-47EF-AD85-EEAA8B902A9A}.Release|Any CPU.Build.0 = Release|Any CPU
		{AE096A5E-B2D7-4C02-84C7-41202BCE4C71}.Debug|Any CPU.ActiveCfg = Debug|Any CPU
		{AE096A5E-B2D7-4C02-84C7-41202BCE4C71}.Debug|Any CPU.Build.0 = Debug|Any CPU
		{AE096A5E-B2D7-4C02-84C7-41202BCE4C71}.Release|Any CPU.ActiveCfg = Release|Any CPU
		{AE096A5E-B2D7-4C02-84C7-41202BCE4C71}.Release|Any CPU.Build.0 = Release|Any CPU
	EndGlobalSection
	GlobalSection(SolutionProperties) = preSolution
		HideSolutionNode = FALSE
	EndGlobalSection
	GlobalSection(NestedProjects) = preSolution
		{84127E32-1044-48C3-A92A-55375B4D8AC2} = {9A4BCB8A-8406-4381-A77D-7C4A7A99E33F}
		{8270A545-E534-4E3A-87E8-FABD08E12435} = {9A4BCB8A-8406-4381-A77D-7C4A7A99E33F}
		{C3345355-D949-40CD-A98A-658ED966128B} = {9A4BCB8A-8406-4381-A77D-7C4A7A99E33F}
		{110BCEB4-E107-42AE-9CE0-5AD909E7A4F1} = {9A4BCB8A-8406-4381-A77D-7C4A7A99E33F}
		{BD900A22-5E6D-4FE0-9F61-4E7CEB1D1F58} = {9A4BCB8A-8406-4381-A77D-7C4A7A99E33F}
		{3330F3A1-D0DB-46CE-9140-EA7768AC76C7} = {88F032F3-2AA6-4791-88CA-925E6574E6A6}
		{0313F6A1-E8BB-4A47-A4FA-5537531A1314} = {88F032F3-2AA6-4791-88CA-925E6574E6A6}
		{BD963A36-D261-414B-9F99-C99C81440F50} = {88F032F3-2AA6-4791-88CA-925E6574E6A6}
		{00E875BB-089F-4544-8D38-5DB3F58585E6} = {88F032F3-2AA6-4791-88CA-925E6574E6A6}
		{30D2B6F9-266B-458D-8C66-4AADA6DAE972} = {88F032F3-2AA6-4791-88CA-925E6574E6A6}
		{F9954FF7-D3C6-48DC-B09A-E0474D430127} = {4E9DA631-4E72-47CE-B399-64AC590A847B}
		{93464B10-FC41-4A08-9514-BAD7EEB82253} = {4E9DA631-4E72-47CE-B399-64AC590A847B}
		{FB7D0B13-C7C3-4ACF-BFA0-7D0213375E59} = {4E9DA631-4E72-47CE-B399-64AC590A847B}
		{FCBA463C-BA77-41A2-AF99-02ADD15ED1BF} = {4E9DA631-4E72-47CE-B399-64AC590A847B}
		{48365733-0114-49C5-92A2-C4B84A5DDC37} = {3D950037-ACD7-42D4-A11D-0A3C2A98BC77}
		{541C9F26-38B9-41FD-92DD-DE06F9A2F0CA} = {3D950037-ACD7-42D4-A11D-0A3C2A98BC77}
		{AE0AB1AD-E902-489B-8C87-371BB69C6F10} = {3D950037-ACD7-42D4-A11D-0A3C2A98BC77}
		{21859EC4-88C3-441B-83AC-5E910F6F6685} = {3D950037-ACD7-42D4-A11D-0A3C2A98BC77}
		{503E8364-8787-464C-8DC8-38F42CC8089A} = {EC4C5574-4FA6-46BA-A323-5712FED6FAB8}
		{CD3A8386-4E76-4ACF-B13B-D10B1FF1F083} = {F09D7571-B331-4247-A31A-AA18BA71428F}
		{CD63C78E-28CE-42E0-BB5A-8738AE0F7D3E} = {CD3A8386-4E76-4ACF-B13B-D10B1FF1F083}
		{0BD7489D-011A-4F1B-9C4F-4CA150D75DE9} = {CD3A8386-4E76-4ACF-B13B-D10B1FF1F083}
		{BA45EBB2-3EF6-42CA-B1FE-8F4000A56549} = {CD3A8386-4E76-4ACF-B13B-D10B1FF1F083}
		{3D8852BB-FCC9-4D25-BC18-D87C79EF1573} = {CD3A8386-4E76-4ACF-B13B-D10B1FF1F083}
		{796F27C9-9D3A-4EB6-B6B2-97EE5A7BA066} = {CD3A8386-4E76-4ACF-B13B-D10B1FF1F083}
		{2516A3F0-397A-48BB-8FC9-A7DCEA86AC47} = {F09D7571-B331-4247-A31A-AA18BA71428F}
		{F95ECB9F-BFDD-487E-802B-A10753406698} = {2516A3F0-397A-48BB-8FC9-A7DCEA86AC47}
		{621AD32C-DB32-4827-908D-E1DE4094CD6E} = {2516A3F0-397A-48BB-8FC9-A7DCEA86AC47}
		{839A0A20-54BB-40AF-9B9B-E11958C99E75} = {2516A3F0-397A-48BB-8FC9-A7DCEA86AC47}
		{F17D5746-6ACF-4A1B-AC6C-E681D1A16712} = {2516A3F0-397A-48BB-8FC9-A7DCEA86AC47}
		{00981B9C-974D-4691-8EA0-4E5EC0EA3F1A} = {2516A3F0-397A-48BB-8FC9-A7DCEA86AC47}
		{56028180-DFEB-444A-B421-F6208527D824} = {F09D7571-B331-4247-A31A-AA18BA71428F}
		{B38F3818-8D54-4C4A-A2C5-9677DAEF3E7B} = {56028180-DFEB-444A-B421-F6208527D824}
		{2AE748ED-A64F-47F0-A786-AFE72A61D08C} = {56028180-DFEB-444A-B421-F6208527D824}
		{651914FD-1876-4837-98D6-E40C9021EA27} = {56028180-DFEB-444A-B421-F6208527D824}
		{DA207849-BD91-48F7-8A59-1E9645842508} = {56028180-DFEB-444A-B421-F6208527D824}
		{7F541E84-AA0E-4FEF-888D-CE5865D12237} = {F09D7571-B331-4247-A31A-AA18BA71428F}
		{5D5C966D-42E7-420E-9316-564C517EFC1D} = {7F541E84-AA0E-4FEF-888D-CE5865D12237}
		{37FCC4EF-E88C-4647-862C-914F7EDD816B} = {7F541E84-AA0E-4FEF-888D-CE5865D12237}
		{1B3E0208-8995-4EF1-8068-7FBAE2CAB413} = {7F541E84-AA0E-4FEF-888D-CE5865D12237}
		{CD6D7403-8C98-47EF-AD85-EEAA8B902A9A} = {7F541E84-AA0E-4FEF-888D-CE5865D12237}
		{32BE81D5-B5FE-4AA1-9E9F-F2ED4B4EEE2C} = {F09D7571-B331-4247-A31A-AA18BA71428F}
		{AE096A5E-B2D7-4C02-84C7-41202BCE4C71} = {32BE81D5-B5FE-4AA1-9E9F-F2ED4B4EEE2C}
	EndGlobalSection
	GlobalSection(ExtensibilityGlobals) = postSolution
		SolutionGuid = {6F48241A-B661-426B-A376-5A98C2F42080}
	EndGlobalSection
EndGlobal
